{
  "nodes": {
    "agenix": {
      "inputs": {
        "agenix": "agenix_2",
        "crane": "crane",
        "flake-utils": "flake-utils",
        "nixpkgs": [
          "nixpkgs"
        ],
        "rust-overlay": "rust-overlay"
      },
      "locked": {
        "lastModified": 1761832913,
        "narHash": "sha256-VCNVjjuRvrKPiYYwqhE3BAKIaReiKXGpxGp27lZ0MFM=",
        "owner": "yaxitech",
        "repo": "ragenix",
        "rev": "83bccfdea758241999f32869fb6b36f7ac72f1ac",
        "type": "github"
      },
      "original": {
        "owner": "yaxitech",
        "repo": "ragenix",
        "type": "github"
      }
    },
    "agenix_2": {
      "inputs": {
        "darwin": "darwin",
        "home-manager": "home-manager",
        "nixpkgs": [
          "agenix",
          "nixpkgs"
        ],
        "systems": "systems"
      },
      "locked": {
        "lastModified": 1761656077,
        "narHash": "sha256-lsNWuj4Z+pE7s0bd2OKicOFq9bK86JE0ZGeKJbNqb94=",
        "owner": "ryantm",
        "repo": "agenix",
        "rev": "9ba0d85de3eaa7afeab493fed622008b6e4924f5",
        "type": "github"
      },
      "original": {
        "owner": "ryantm",
        "repo": "agenix",
        "type": "github"
      }
    },
    "catppuccin": {
      "inputs": {
        "nixpkgs": "nixpkgs"
      },
      "locked": {
        "lastModified": 1769432988,
        "narHash": "sha256-q4arZjXnLiuMnLzO972lrXIGdzyGb4DGaIt69CcCYdE=",
        "owner": "catppuccin",
        "repo": "nix",
        "rev": "d7a8632c0d8d144478aac1a8c8d5083b770cbb03",
        "type": "github"
      },
      "original": {
        "owner": "catppuccin",
        "repo": "nix",
        "type": "github"
      }
    },
    "crane": {
      "locked": {
        "lastModified": 1760924934,
        "narHash": "sha256-tuuqY5aU7cUkR71sO2TraVKK2boYrdW3gCSXUkF4i44=",
        "owner": "ipetkov",
        "repo": "crane",
        "rev": "c6b4d5308293d0d04fcfeee92705017537cad02f",
        "type": "github"
      },
      "original": {
        "owner": "ipetkov",
        "repo": "crane",
        "type": "github"
      }
    },
    "darwin": {
      "inputs": {
        "nixpkgs": [
          "agenix",
          "agenix",
          "nixpkgs"
        ]
      },
      "locked": {
        "lastModified": 1744478979,
        "narHash": "sha256-dyN+teG9G82G+m+PX/aSAagkC+vUv0SgUw3XkPhQodQ=",
        "owner": "lnl7",
        "repo": "nix-darwin",
        "rev": "43975d782b418ebf4969e9ccba82466728c2851b",
        "type": "github"
      },
      "original": {
        "owner": "lnl7",
        "ref": "master",
        "repo": "nix-darwin",
        "type": "github"
      }
    },
    "flake-utils": {
      "inputs": {
        "systems": "systems_2"
      },
      "locked": {
        "lastModified": 1731533236,
        "narHash": "sha256-l0KFg5HjrsfsO/JpG+r7fRrqm12kzFHyUHqHCVpMMbI=",
        "owner": "numtide",
        "repo": "flake-utils",
        "rev": "11707dc2f618dd54ca8739b309ec4fc024de578b",
        "type": "github"
      },
      "original": {
        "owner": "numtide",
        "repo": "flake-utils",
        "type": "github"
      }
    },
    "home-manager": {
      "inputs": {
        "nixpkgs": [
          "agenix",
          "agenix",
          "nixpkgs"
        ]
      },
      "locked": {
        "lastModified": 1745494811,
        "narHash": "sha256-YZCh2o9Ua1n9uCvrvi5pRxtuVNml8X2a03qIFfRKpFs=",
        "owner": "nix-community",
        "repo": "home-manager",
        "rev": "abfad3d2958c9e6300a883bd443512c55dfeb1be",
        "type": "github"
      },
      "original": {
        "owner": "nix-community",
        "repo": "home-manager",
        "type": "github"
      }
    },
    "home-manager_2": {
      "inputs": {
        "nixpkgs": [
          "nixpkgs"
        ]
      },
      "locked": {
        "lastModified": 1769580047,
        "narHash": "sha256-tNqCP/+2+peAXXQ2V8RwsBkenlfWMERb+Uy6xmevyhM=",
        "owner": "nix-community",
        "repo": "home-manager",
        "rev": "366d78c2856de6ab3411c15c1cb4fb4c2bf5c826",
        "type": "github"
      },
      "original": {
        "owner": "nix-community",
        "ref": "release-25.11",
        "repo": "home-manager",
        "type": "github"
      }
    },
    "nix-darwin": {
      "inputs": {
        "nixpkgs": "nixpkgs_2"
      },
      "locked": {
        "lastModified": 1768764703,
        "narHash": "sha256-5ulSDyOG1U+1sJhkJHYsUOWEsmtLl97O0NTVMvgIVyc=",
        "owner": "nix-darwin",
        "repo": "nix-darwin",
        "rev": "0fc4e7ac670a0ed874abacf73c4b072a6a58064b",
        "type": "github"
      },
      "original": {
        "id": "nix-darwin",
        "type": "indirect"
      }
    },
    "nixos-hardware": {
      "locked": {
        "lastModified": 1769302137,
        "narHash": "sha256-QEDtctEkOsbx8nlFh4yqPEOtr4tif6KTqWwJ37IM2ds=",
        "owner": "nixos",
        "repo": "nixos-hardware",
        "rev": "a351494b0e35fd7c0b7a1aae82f0afddf4907aa8",
        "type": "github"
      },
      "original": {
        "owner": "nixos",
        "ref": "master",
        "repo": "nixos-hardware",
        "type": "github"
      }
    },
    "nixpkgs": {
      "locked": {
        "lastModified": 1769018530,
        "narHash": "sha256-MJ27Cy2NtBEV5tsK+YraYr2g851f3Fl1LpNHDzDX15c=",
        "owner": "NixOS",
        "repo": "nixpkgs",
        "rev": "88d3861acdd3d2f0e361767018218e51810df8a1",
        "type": "github"
      },
      "original": {
        "owner": "NixOS",
        "ref": "nixos-unstable",
        "repo": "nixpkgs",
        "type": "github"
      }
    },
    "nixpkgs_2": {
      "locked": {
        "lastModified": 1765934234,
        "narHash": "sha256-pJjWUzNnjbIAMIc5gRFUuKCDQ9S1cuh3b2hKgA7Mc4A=",
        "owner": "NixOS",
        "repo": "nixpkgs",
        "rev": "af84f9d270d404c17699522fab95bbf928a2d92f",
        "type": "github"
      },
      "original": {
        "owner": "NixOS",
        "ref": "nixpkgs-unstable",
        "repo": "nixpkgs",
        "type": "github"
      }
    },
    "nixpkgs_3": {
      "locked": {
        "lastModified": 1769318308,
        "narHash": "sha256-Mjx6p96Pkefks3+aA+72lu1xVehb6mv2yTUUqmSet6Q=",
        "owner": "NixOS",
        "repo": "nixpkgs",
        "rev": "1cd347bf3355fce6c64ab37d3967b4a2cb4b878c",
        "type": "github"
      },
      "original": {
        "owner": "NixOS",
        "ref": "nixos-25.11",
        "repo": "nixpkgs",
        "type": "github"
      }
    },
    "plasma-manager": {
      "inputs": {
        "home-manager": [
          "home-manager"
        ],
        "nixpkgs": [
          "nixpkgs"
        ]
      },
      "locked": {
        "lastModified": 1763909085,
        "narHash": "sha256-sNLylI9/+5RCbDTnn7ODPD6VPwhPQZfOOe1pTXuRwAY=",
        "owner": "nix-community",
        "repo": "plasma-manager",
        "rev": "d4fae3492172c388777380d67c67c53cc316ffcd",
        "type": "github"
      },
      "original": {
        "owner": "nix-community",
        "ref": "d4fae34",
        "repo": "plasma-manager",
        "type": "github"
      }
    },
    "root": {
      "inputs": {
        "agenix": "agenix",
        "catppuccin": "catppuccin",
        "home-manager": "home-manager_2",
        "nix-darwin": "nix-darwin",
        "nixos-hardware": "nixos-hardware",
        "nixpkgs": "nixpkgs_3",
        "plasma-manager": "plasma-manager"
      }
    },
    "rust-overlay": {
      "inputs": {
        "nixpkgs": [
          "agenix",
          "nixpkgs"
        ]
      },
      "locked": {
        "lastModified": 1761791894,
        "narHash": "sha256-myRIDh+PxaREz+z9LzbqBJF+SnTFJwkthKDX9zMyddY=",
        "owner": "oxalica",
        "repo": "rust-overlay",
        "rev": "59c45eb69d9222a4362673141e00ff77842cd219",
        "type": "github"
      },
      "original": {
        "owner": "oxalica",
        "repo": "rust-overlay",
        "type": "github"
      }
    },
    "systems": {
      "locked": {
        "lastModified": 1681028828,
        "narHash": "sha256-Vy1rq5AaRuLzOxct8nz4T6wlgyUR7zLU309k9mBC768=",
        "owner": "nix-systems",
        "repo": "default",
        "rev": "da67096a3b9bf56a91d16901293e51ba5b49a27e",
        "type": "github"
      },
      "original": {
        "owner": "nix-systems",
        "repo": "default",
        "type": "github"
      }
    },
    "systems_2": {
      "locked": {
        "lastModified": 1681028828,
        "narHash": "sha256-Vy1rq5AaRuLzOxct8nz4T6wlgyUR7zLU309k9mBC768=",
        "owner": "nix-systems",
        "repo": "default",
        "rev": "da67096a3b9bf56a91d16901293e51ba5b49a27e",
        "type": "github"
      },
      "original": {
        "owner": "nix-systems",
        "repo": "default",
        "type": "github"
      }
    }
  },
  "root": "root",
  "version": 7
}
